
Microsoft Visual Studio Solution File, Format Version 12.00
# Visual Studio Version 16
VisualStudioVersion = 16.0.29001.49
MinimumVisualStudioVersion = 10.0.40219.1
Project("{9A19103F-16F7-4668-BE54-9A1E7A4F7556}") = "VOD.UI", "VOD.UI\VOD.UI.csproj", "{3531252E-6BC9-408A-A4F8-07C4D960DBC0}"
EndProject
Project("{9A19103F-16F7-4668-BE54-9A1E7A4F7556}") = "VOD.Common", "VOD.Common\VOD.Common.csproj", "{D00F4783-616F-4515-95B4-ECAB35A15128}"
EndProject
Project("{9A19103F-16F7-4668-BE54-9A1E7A4F7556}") = "VOD.Database", "VOD.Database\VOD.Database.csproj", "{97989B77-621A-4CDD-BE3A-9E07FFBD1F86}"
EndProject
Project("{FAE04EC0-301F-11D3-BF4B-00C04F79EFBC}") = "VOD.Admin", "VOD.Admin\VOD.Admin.csproj", "{A629E837-1E98-4F62-B550-EF7486701F84}"
EndProject
Global
	GlobalSection(SolutionConfigurationPlatforms) = preSolution
		Debug|Any CPU = Debug|Any CPU
		Release|Any CPU = Release|Any CPU
	EndGlobalSection
	GlobalSection(ProjectConfigurationPlatforms) = postSolution
		{3531252E-6BC9-408A-A4F8-07C4D960DBC0}.Debug|Any CPU.ActiveCfg = Debug|Any CPU
		{3531252E-6BC9-408A-A4F8-07C4D960DBC0}.Debug|Any CPU.Build.0 = Debug|Any CPU
		{3531252E-6BC9-408A-A4F8-07C4D960DBC0}.Release|Any CPU.ActiveCfg = Release|Any CPU
		{3531252E-6BC9-408A-A4F8-07C4D960DBC0}.Release|Any CPU.Build.0 = Release|Any CPU
		{D00F4783-616F-4515-95B4-ECAB35A15128}.Debug|Any CPU.ActiveCfg = Debug|Any CPU
		{D00F4783-616F-4515-95B4-ECAB35A15128}.Debug|Any CPU.Build.0 = Debug|Any CPU
		{D00F4783-616F-4515-95B4-ECAB35A15128}.Release|Any CPU.ActiveCfg = Release|Any CPU
		{D00F4783-616F-4515-95B4-ECAB35A15128}.Release|Any CPU.Build.0 = Release|Any CPU
		{97989B77-621A-4CDD-BE3A-9E07FFBD1F86}.Debug|Any CPU.ActiveCfg = Debug|Any CPU
		{97989B77-621A-4CDD-BE3A-9E07FFBD1F86}.Debug|Any CPU.Build.0 = Debug|Any CPU
		{97989B77-621A-4CDD-BE3A-9E07FFBD1F86}.Release|Any CPU.ActiveCfg = Release|Any CPU
		{97989B77-621A-4CDD-BE3A-9E07FFBD1F86}.Release|Any CPU.Build.0 = Release|Any CPU
		{A629E837-1E98-4F62-B550-EF7486701F84}.Debug|Any CPU.ActiveCfg = Debug|Any CPU
		{A629E837-1E98-4F62-B550-EF7486701F84}.Debug|Any CPU.Build.0 = Debug|Any CPU
		{A629E837-1E98-4F62-B550-EF7486701F84}.Release|Any CPU.ActiveCfg = Release|Any CPU
		{A629E837-1E98-4F62-B550-EF7486701F84}.Release|Any CPU.Build.0 = Release|Any CPU
	EndGlobalSection
	GlobalSection(SolutionProperties) = preSolution
		HideSolutionNode = FALSE
	EndGlobalSection
	GlobalSection(ExtensibilityGlobals) = postSolution
		SolutionGuid = {C8D31608-902E-439A-9960-1CAC91E7625B}
	EndGlobalSection
EndGlobal
